
Microsoft Visual Studio Solution File, Format Version 12.00
# Visual Studio Version 16
VisualStudioVersion = 16.0.30413.136
MinimumVisualStudioVersion = 10.0.40219.1
Project("{FAE04EC0-301F-11D3-BF4B-00C04F79EFBC}") = "PathTool", "PathTool.csproj", "{62B3E944-DB7B-47BF-96A0-5ABBF713342E}"
EndProject
Global
	GlobalSection(SolutionConfigurationPlatforms) = preSolution
		Debug|Any CPU = Debug|Any CPU
		Release|Any CPU = Release|Any CPU
	EndGlobalSection
	GlobalSection(ProjectConfigurationPlatforms) = postSolution
		{62B3E944-DB7B-47BF-96A0-5ABBF713342E}.Debug|Any CPU.ActiveCfg = Debug|Any CPU
		{62B3E944-DB7B-47BF-96A0-5ABBF713342E}.Debug|Any CPU.Build.0 = Debug|Any CPU
		{62B3E944-DB7B-47BF-96A0-5ABBF713342E}.Release|Any CPU.ActiveCfg = Release|Any CPU
		{62B3E944-DB7B-47BF-96A0-5ABBF713342E}.Release|Any CPU.Build.0 = Release|Any CPU
	EndGlobalSection
	GlobalSection(SolutionProperties) = preSolution
		HideSolutionNode = FALSE
	EndGlobalSection
	GlobalSection(ExtensibilityGlobals) = postSolution
		SolutionGuid = {33C4F8E8-1766-4608-A2F3-8A392D800013}
	EndGlobalSection
EndGlobal
